{
  "lockfileVersion": 1,
  "configVersion": 0,
  "workspaces": {
    "": {
      "name": "picwall",
      "dependencies": {
        "dayjs": "^1.11.13",
        "exiftool-vendored": "^29.1.0",
        "minimasonry": "^1.3.2",
        "photoswipe": "^5.4.4",
        "photoswipe-dynamic-caption-plugin": "^1.2.7",
        "sharp": "^0.33.5",
      },
      "devDependencies": {
        "@types/bun": "latest",
        "@types/pug": "^2.0.10",
        "edge.js": "^6.4.0",
      },
      "peerDependencies": {
        "typescript": "^5",
      },
    },
  },
  "packages": {
    "@emnapi/runtime": ["@emnapi/runtime@1.3.1", "https://registry.npmmirror.com/@emnapi/runtime/-/runtime-1.3.1.tgz", { "dependencies": { "tslib": "^2.4.0" } }, "sha512-kEBmG8KyqtxJZv+ygbEim+KCGtIq1fC22Ms3S4ziXmYKm8uyoLX0MHONVKwp+9opg390VaKRNt4a7A9NwmpNhw=="],

    "@img/sharp-darwin-arm64": ["@img/sharp-darwin-arm64@0.33.5", "https://registry.npmmirror.com/@img/sharp-darwin-arm64/-/sharp-darwin-arm64-0.33.5.tgz", { "optionalDependencies": { "@img/sharp-libvips-darwin-arm64": "1.0.4" }, "os": "darwin", "cpu": "arm64" }, "sha512-UT4p+iz/2H4twwAoLCqfA9UH5pI6DggwKEGuaPy7nCVQ8ZsiY5PIcrRvD1DzuY3qYL07NtIQcWnBSY/heikIFQ=="],

    "@img/sharp-darwin-x64": ["@img/sharp-darwin-x64@0.33.5", "https://registry.npmmirror.com/@img/sharp-darwin-x64/-/sharp-darwin-x64-0.33.5.tgz", { "optionalDependencies": { "@img/sharp-libvips-darwin-x64": "1.0.4" }, "os": "darwin", "cpu": "x64" }, "sha512-fyHac4jIc1ANYGRDxtiqelIbdWkIuQaI84Mv45KvGRRxSAa7o7d1ZKAOBaYbnepLC1WqxfpimdeWfvqqSGwR2Q=="],

    "@img/sharp-libvips-darwin-arm64": ["@img/sharp-libvips-darwin-arm64@1.0.4", "https://registry.npmmirror.com/@img/sharp-libvips-darwin-arm64/-/sharp-libvips-darwin-arm64-1.0.4.tgz", { "os": "darwin", "cpu": "arm64" }, "sha512-XblONe153h0O2zuFfTAbQYAX2JhYmDHeWikp1LM9Hul9gVPjFY427k6dFEcOL72O01QxQsWi761svJ/ev9xEDg=="],

    "@img/sharp-libvips-darwin-x64": ["@img/sharp-libvips-darwin-x64@1.0.4", "https://registry.npmmirror.com/@img/sharp-libvips-darwin-x64/-/sharp-libvips-darwin-x64-1.0.4.tgz", { "os": "darwin", "cpu": "x64" }, "sha512-xnGR8YuZYfJGmWPvmlunFaWJsb9T/AO2ykoP3Fz/0X5XV2aoYBPkX6xqCQvUTKKiLddarLaxpzNe+b1hjeWHAQ=="],

    "@img/sharp-libvips-linux-arm": ["@img/sharp-libvips-linux-arm@1.0.5", "https://registry.npmmirror.com/@img/sharp-libvips-linux-arm/-/sharp-libvips-linux-arm-1.0.5.tgz", { "os": "linux", "cpu": "arm" }, "sha512-gvcC4ACAOPRNATg/ov8/MnbxFDJqf/pDePbBnuBDcjsI8PssmjoKMAz4LtLaVi+OnSb5FK/yIOamqDwGmXW32g=="],

    "@img/sharp-libvips-linux-arm64": ["@img/sharp-libvips-linux-arm64@1.0.4", "https://registry.npmmirror.com/@img/sharp-libvips-linux-arm64/-/sharp-libvips-linux-arm64-1.0.4.tgz", { "os": "linux", "cpu": "arm64" }, "sha512-9B+taZ8DlyyqzZQnoeIvDVR/2F4EbMepXMc/NdVbkzsJbzkUjhXv/70GQJ7tdLA4YJgNP25zukcxpX2/SueNrA=="],

    "@img/sharp-libvips-linux-s390x": ["@img/sharp-libvips-linux-s390x@1.0.4", "https://registry.npmmirror.com/@img/sharp-libvips-linux-s390x/-/sharp-libvips-linux-s390x-1.0.4.tgz", { "os": "linux", "cpu": "s390x" }, "sha512-u7Wz6ntiSSgGSGcjZ55im6uvTrOxSIS8/dgoVMoiGE9I6JAfU50yH5BoDlYA1tcuGS7g/QNtetJnxA6QEsCVTA=="],

    "@img/sharp-libvips-linux-x64": ["@img/sharp-libvips-linux-x64@1.0.4", "https://registry.npmmirror.com/@img/sharp-libvips-linux-x64/-/sharp-libvips-linux-x64-1.0.4.tgz", { "os": "linux", "cpu": "x64" }, "sha512-MmWmQ3iPFZr0Iev+BAgVMb3ZyC4KeFc3jFxnNbEPas60e1cIfevbtuyf9nDGIzOaW9PdnDciJm+wFFaTlj5xYw=="],

    "@img/sharp-libvips-linuxmusl-arm64": ["@img/sharp-libvips-linuxmusl-arm64@1.0.4", "https://registry.npmmirror.com/@img/sharp-libvips-linuxmusl-arm64/-/sharp-libvips-linuxmusl-arm64-1.0.4.tgz", { "os": "linux", "cpu": "arm64" }, "sha512-9Ti+BbTYDcsbp4wfYib8Ctm1ilkugkA/uscUn6UXK1ldpC1JjiXbLfFZtRlBhjPZ5o1NCLiDbg8fhUPKStHoTA=="],

    "@img/sharp-libvips-linuxmusl-x64": ["@img/sharp-libvips-linuxmusl-x64@1.0.4", "https://registry.npmmirror.com/@img/sharp-libvips-linuxmusl-x64/-/sharp-libvips-linuxmusl-x64-1.0.4.tgz", { "os": "linux", "cpu": "x64" }, "sha512-viYN1KX9m+/hGkJtvYYp+CCLgnJXwiQB39damAO7WMdKWlIhmYTfHjwSbQeUK/20vY154mwezd9HflVFM1wVSw=="],

    "@img/sharp-linux-arm": ["@img/sharp-linux-arm@0.33.5", "https://registry.npmmirror.com/@img/sharp-linux-arm/-/sharp-linux-arm-0.33.5.tgz", { "optionalDependencies": { "@img/sharp-libvips-linux-arm": "1.0.5" }, "os": "linux", "cpu": "arm" }, "sha512-JTS1eldqZbJxjvKaAkxhZmBqPRGmxgu+qFKSInv8moZ2AmT5Yib3EQ1c6gp493HvrvV8QgdOXdyaIBrhvFhBMQ=="],

    "@img/sharp-linux-arm64": ["@img/sharp-linux-arm64@0.33.5", "https://registry.npmmirror.com/@img/sharp-linux-arm64/-/sharp-linux-arm64-0.33.5.tgz", { "optionalDependencies": { "@img/sharp-libvips-linux-arm64": "1.0.4" }, "os": "linux", "cpu": "arm64" }, "sha512-JMVv+AMRyGOHtO1RFBiJy/MBsgz0x4AWrT6QoEVVTyh1E39TrCUpTRI7mx9VksGX4awWASxqCYLCV4wBZHAYxA=="],

    "@img/sharp-linux-s390x": ["@img/sharp-linux-s390x@0.33.5", "https://registry.npmmirror.com/@img/sharp-linux-s390x/-/sharp-linux-s390x-0.33.5.tgz", { "optionalDependencies": { "@img/sharp-libvips-linux-s390x": "1.0.4" }, "os": "linux", "cpu": "s390x" }, "sha512-y/5PCd+mP4CA/sPDKl2961b+C9d+vPAveS33s6Z3zfASk2j5upL6fXVPZi7ztePZ5CuH+1kW8JtvxgbuXHRa4Q=="],

    "@img/sharp-linux-x64": ["@img/sharp-linux-x64@0.33.5", "https://registry.npmmirror.com/@img/sharp-linux-x64/-/sharp-linux-x64-0.33.5.tgz", { "optionalDependencies": { "@img/sharp-libvips-linux-x64": "1.0.4" }, "os": "linux", "cpu": "x64" }, "sha512-opC+Ok5pRNAzuvq1AG0ar+1owsu842/Ab+4qvU879ippJBHvyY5n2mxF1izXqkPYlGuP/M556uh53jRLJmzTWA=="],

    "@img/sharp-linuxmusl-arm64": ["@img/sharp-linuxmusl-arm64@0.33.5", "https://registry.npmmirror.com/@img/sharp-linuxmusl-arm64/-/sharp-linuxmusl-arm64-0.33.5.tgz", { "optionalDependencies": { "@img/sharp-libvips-linuxmusl-arm64": "1.0.4" }, "os": "linux", "cpu": "arm64" }, "sha512-XrHMZwGQGvJg2V/oRSUfSAfjfPxO+4DkiRh6p2AFjLQztWUuY/o8Mq0eMQVIY7HJ1CDQUJlxGGZRw1a5bqmd1g=="],

    "@img/sharp-linuxmusl-x64": ["@img/sharp-linuxmusl-x64@0.33.5", "https://registry.npmmirror.com/@img/sharp-linuxmusl-x64/-/sharp-linuxmusl-x64-0.33.5.tgz", { "optionalDependencies": { "@img/sharp-libvips-linuxmusl-x64": "1.0.4" }, "os": "linux", "cpu": "x64" }, "sha512-WT+d/cgqKkkKySYmqoZ8y3pxx7lx9vVejxW/W4DOFMYVSkErR+w7mf2u8m/y4+xHe7yY9DAXQMWQhpnMuFfScw=="],

    "@img/sharp-wasm32": ["@img/sharp-wasm32@0.33.5", "https://registry.npmmirror.com/@img/sharp-wasm32/-/sharp-wasm32-0.33.5.tgz", { "dependencies": { "@emnapi/runtime": "^1.2.0" }, "cpu": "none" }, "sha512-ykUW4LVGaMcU9lu9thv85CbRMAwfeadCJHRsg2GmeRa/cJxsVY9Rbd57JcMxBkKHag5U/x7TSBpScF4U8ElVzg=="],

    "@img/sharp-win32-ia32": ["@img/sharp-win32-ia32@0.33.5", "https://registry.npmmirror.com/@img/sharp-win32-ia32/-/sharp-win32-ia32-0.33.5.tgz", { "os": "win32", "cpu": "ia32" }, "sha512-T36PblLaTwuVJ/zw/LaH0PdZkRz5rd3SmMHX8GSmR7vtNSP5Z6bQkExdSK7xGWyxLw4sUknBuugTelgw2faBbQ=="],

    "@img/sharp-win32-x64": ["@img/sharp-win32-x64@0.33.5", "https://registry.npmmirror.com/@img/sharp-win32-x64/-/sharp-win32-x64-0.33.5.tgz", { "os": "win32", "cpu": "x64" }, "sha512-MpY/o8/8kj+EcnxwvrP4aTJSWw/aZ7JIGR4aBeZkZw5B7/Jn+tY9/VNwtcoGmdT7GfggGIU4kygOMSbYnOrAbg=="],

    "@photostructure/tz-lookup": ["@photostructure/tz-lookup@11.1.0", "https://registry.npmmirror.com/@photostructure/tz-lookup/-/tz-lookup-11.1.0.tgz", {}, "sha512-UywyhMwUdVU2aH5ls7EweTEyPpXbDkgC//Nnsm/lWfpae8WX3N33Yy0/aBmb/Pd9+qEtgcFMYTtN/Htb+cd0ZA=="],

    "@poppinss/exception": ["@poppinss/exception@1.2.3", "https://registry.npmmirror.com/@poppinss/exception/-/exception-1.2.3.tgz", {}, "sha512-dCED+QRChTVatE9ibtoaxc+WkdzOSjYTKi/+uacHWIsfodVfpsueo3+DKpgU5Px8qXjgmXkSvhXvSCz3fnP9lw=="],

    "@poppinss/inspect": ["@poppinss/inspect@1.0.1", "https://registry.npmmirror.com/@poppinss/inspect/-/inspect-1.0.1.tgz", {}, "sha512-kLeEaBSGhlleyYvKc7c9s3uE6xv7cwyulE0EgHf4jU/CL96h0yC4mkdw1wvC1l1PYYQozCGy46FwMBAAMOobCA=="],

    "@poppinss/macroable": ["@poppinss/macroable@1.1.0", "https://registry.npmmirror.com/@poppinss/macroable/-/macroable-1.1.0.tgz", {}, "sha512-y/YKzZDuG8XrpXpM7Z1RdQpiIc0MAKyva24Ux1PB4aI7RiSI/79K8JVDcdyubriTm7vJ1LhFs8CrZpmPnx/8Pw=="],

    "@poppinss/object-builder": ["@poppinss/object-builder@1.1.0", "https://registry.npmmirror.com/@poppinss/object-builder/-/object-builder-1.1.0.tgz", {}, "sha512-FOrOq52l7u8goR5yncX14+k+Ewi5djnrt1JwXeS/FvnwAPOiveFhiczCDuvXdssAwamtrV2hp5Rw9v+n2T7hQg=="],

    "@poppinss/string": ["@poppinss/string@1.7.1", "https://registry.npmmirror.com/@poppinss/string/-/string-1.7.1.tgz", { "dependencies": { "@types/pluralize": "^0.0.33", "case-anything": "^3.1.2", "pluralize": "^8.0.0", "slugify": "^1.6.6" } }, "sha512-OrLzv/nGDU6l6dLXIQHe8nbNSWWfuSbpB/TW5nRpZFf49CLuQlIHlSPN9IdSUv2vG+59yGM6LoibsaHn8B8mDw=="],

    "@poppinss/types": ["@poppinss/types@1.2.1", "https://registry.npmmirror.com/@poppinss/types/-/types-1.2.1.tgz", {}, "sha512-qUYnzl0m9HJTWsXtr8Xo7CwDx6wcjrvo14bOVbIMIlKJCzKrm3LX55dRTDr1/x4PpSvKVgmxvC6Ly2YiqXKOvQ=="],

    "@poppinss/utils": ["@poppinss/utils@7.0.0-next.6", "https://registry.npmmirror.com/@poppinss/utils/-/utils-7.0.0-next.6.tgz", { "dependencies": { "@poppinss/exception": "^1.2.3", "@poppinss/object-builder": "^1.1.0", "@poppinss/string": "^1.7.1", "@poppinss/types": "^1.2.1", "flattie": "^1.1.1" } }, "sha512-1OQDbCKmFROvWpmzvkQV/mCzBXSwhED8SJfJ0HiYKiLNEqYM8Kpa4EK0AfmXGQc+DdIj6eqib/vT8i5tJ2fatw=="],

    "@types/bun": ["@types/bun@1.2.5", "https://registry.npmmirror.com/@types/bun/-/bun-1.2.5.tgz", { "dependencies": { "bun-types": "1.2.5" } }, "sha512-w2OZTzrZTVtbnJew1pdFmgV99H0/L+Pvw+z1P67HaR18MHOzYnTYOi6qzErhK8HyT+DB782ADVPPE92Xu2/Opg=="],

    "@types/luxon": ["@types/luxon@3.4.2", "https://registry.npmmirror.com/@types/luxon/-/luxon-3.4.2.tgz", {}, "sha512-TifLZlFudklWlMBfhubvgqTXRzLDI5pCbGa4P8a3wPyUQSW+1xQ5eDsreP9DWHX3tjq1ke96uYG/nwundroWcA=="],

    "@types/node": ["@types/node@22.13.10", "https://registry.npmmirror.com/@types/node/-/node-22.13.10.tgz", { "dependencies": { "undici-types": "~6.20.0" } }, "sha512-I6LPUvlRH+O6VRUqYOcMudhaIdUVWfsjnZavnsraHvpBwaEyMN29ry+0UVJhImYL16xsscu0aske3yA+uPOWfw=="],

    "@types/pluralize": ["@types/pluralize@0.0.33", "https://registry.npmmirror.com/@types/pluralize/-/pluralize-0.0.33.tgz", {}, "sha512-JOqsl+ZoCpP4e8TDke9W79FDcSgPAR0l6pixx2JHkhnRjvShyYiAYw2LVsnA7K08Y6DeOnaU6ujmENO4os/cYg=="],

    "@types/pug": ["@types/pug@2.0.10", "https://registry.npmmirror.com/@types/pug/-/pug-2.0.10.tgz", {}, "sha512-Sk/uYFOBAB7mb74XcpizmH0KOR2Pv3D2Hmrh1Dmy5BmK3MpdSa5kqZcg6EKBdklU0bFXX9gCfzvpnyUehrPIuA=="],

    "@types/ws": ["@types/ws@8.5.14", "https://registry.npmmirror.com/@types/ws/-/ws-8.5.14.tgz", { "dependencies": { "@types/node": "*" } }, "sha512-bd/YFLW+URhBzMXurx7lWByOu+xzU9+kb3RboOteXYDfW+tr+JZa99OyNmPINEGB/ahzKrEuc8rcv4gnpJmxTw=="],

    "acorn": ["acorn@8.15.0", "https://registry.npmmirror.com/acorn/-/acorn-8.15.0.tgz", { "bin": { "acorn": "bin/acorn" } }, "sha512-NZyJarBfL7nWwIq+FDL6Zp/yHEhePMNnnJ0y3qfieCrmNvYct8uvtiV41UvlSe6apAfk0fY1FbWx+NwfmpvtTg=="],

    "astring": ["astring@1.9.0", "https://registry.npmmirror.com/astring/-/astring-1.9.0.tgz", { "bin": { "astring": "bin/astring" } }, "sha512-LElXdjswlqjWrPpJFg1Fx4wpkOCxj1TDHlSV4PlaRxHGWko024xICaa97ZkMfs6DRKlCguiAI+rbXv5GWwXIkg=="],

    "batch-cluster": ["batch-cluster@13.0.0", "https://registry.npmmirror.com/batch-cluster/-/batch-cluster-13.0.0.tgz", {}, "sha512-EreW0Vi8TwovhYUHBXXRA5tthuU2ynGsZFlboyMJHCCUXYa2AjgwnE3ubBOJs2xJLcuXFJbi6c/8pH5+FVj8Og=="],

    "bun-types": ["bun-types@1.2.5", "https://registry.npmmirror.com/bun-types/-/bun-types-1.2.5.tgz", { "dependencies": { "@types/node": "*", "@types/ws": "~8.5.10" } }, "sha512-3oO6LVGGRRKI4kHINx5PIdIgnLRb7l/SprhzqXapmoYkFl5m4j6EvALvbDVuuBFaamB46Ap6HCUxIXNLCGy+tg=="],

    "case-anything": ["case-anything@3.1.2", "https://registry.npmmirror.com/case-anything/-/case-anything-3.1.2.tgz", {}, "sha512-wljhAjDDIv/hM2FzgJnYQg90AWmZMNtESCjTeLH680qTzdo0nErlCxOmgzgX4ZsZAtIvqHyD87ES8QyriXB+BQ=="],

    "color": ["color@4.2.3", "https://registry.npmmirror.com/color/-/color-4.2.3.tgz", { "dependencies": { "color-convert": "^2.0.1", "color-string": "^1.9.0" } }, "sha512-1rXeuUUiGGrykh+CeBdu5Ie7OJwinCgQY0bc7GCRxy5xVHy+moaqkpL/jqQq0MtQOeYcrqEz4abc5f0KtU7W4A=="],

    "color-convert": ["color-convert@2.0.1", "https://registry.npmmirror.com/color-convert/-/color-convert-2.0.1.tgz", { "dependencies": { "color-name": "~1.1.4" } }, "sha512-RRECPsj7iu/xb5oKYcsFHSppFNnsj/52OVTRKb4zP5onXwVF3zVmmToNcOfGC+CRDpfK/U584fMg38ZHCaElKQ=="],

    "color-name": ["color-name@1.1.4", "https://registry.npmmirror.com/color-name/-/color-name-1.1.4.tgz", {}, "sha512-dOy+3AuW3a2wNbZHIuMZpTcgjGuLU/uBL/ubcZF9OXbDo8ff4O8yVp5Bf0efS8uEoYo5q4Fx7dY9OgQGXgAsQA=="],

    "color-string": ["color-string@1.9.1", "https://registry.npmmirror.com/color-string/-/color-string-1.9.1.tgz", { "dependencies": { "color-name": "^1.0.0", "simple-swizzle": "^0.2.2" } }, "sha512-shrVawQFojnZv6xM40anx4CkoDP+fZsw/ZerEMsW/pyzsRbElpsL/DBVW7q3ExxwusdNXI3lXpuhEZkzs8p5Eg=="],

    "dayjs": ["dayjs@1.11.13", "https://registry.npmmirror.com/dayjs/-/dayjs-1.11.13.tgz", {}, "sha512-oaMBel6gjolK862uaPQOVTA7q3TZhuSvuMQAAglQDOWYO9A91IrAOUJEyKVlqJlHE0vq5p5UXxzdPfMH/x6xNg=="],

    "detect-libc": ["detect-libc@2.0.3", "https://registry.npmmirror.com/detect-libc/-/detect-libc-2.0.3.tgz", {}, "sha512-bwy0MGW55bG41VqxxypOsdSdGqLwXPI/focwgTYCFMbdUiBAxLg9CFzG08sz2aqzknwiX7Hkl0bQENjg8iLByw=="],

    "edge-error": ["edge-error@4.0.2", "https://registry.npmmirror.com/edge-error/-/edge-error-4.0.2.tgz", {}, "sha512-jB76VYn8wapDHKHSOmP3vbKLoa77RJYsTLNmfl8+cuCD69uxZtP3h+kqV+Prw/YkYmN7yHyp4IApE15pDByk0A=="],

    "edge-lexer": ["edge-lexer@6.0.4", "https://registry.npmmirror.com/edge-lexer/-/edge-lexer-6.0.4.tgz", { "dependencies": { "edge-error": "^4.0.2" } }, "sha512-rHlTSZUQfBu/fwnAjoaLCGGmDzpRPgUC8FEqNdJtpPEjBRCqU3a4Le7iJ8KSQfY2WvWx6NTGAwti62xj3eIz1w=="],

    "edge-parser": ["edge-parser@9.1.0", "https://registry.npmmirror.com/edge-parser/-/edge-parser-9.1.0.tgz", { "dependencies": { "acorn": "^8.15.0", "astring": "^1.9.0", "edge-error": "^4.0.2", "edge-lexer": "^6.0.4", "js-stringify": "^1.0.2" } }, "sha512-Z7sEbRNjjGuUVch3ELHMbjgksVjQlAjUASCwUWe+1I+nJ0mVBmUD2rn6zyes/+EjLssvEGQcIWMjLMNn1ChXgQ=="],

    "edge.js": ["edge.js@6.4.0", "https://registry.npmmirror.com/edge.js/-/edge.js-6.4.0.tgz", { "dependencies": { "@poppinss/inspect": "^1.0.1", "@poppinss/macroable": "^1.1.0", "@poppinss/utils": "^7.0.0-next.4", "edge-error": "^4.0.2", "edge-lexer": "^6.0.4", "edge-parser": "^9.0.4", "he": "^1.2.0", "property-information": "^7.1.0", "stringify-attributes": "^4.0.0" } }, "sha512-c19PeUKrADqu+XBr8wSKdjqW/L65xiEfBMh9nbTx6ieF3SV7Ajb3PdfvrYPuLnobgs/bwtem1+InYVFSaWPc1A=="],

    "escape-goat": ["escape-goat@4.0.0", "https://registry.npmmirror.com/escape-goat/-/escape-goat-4.0.0.tgz", {}, "sha512-2Sd4ShcWxbx6OY1IHyla/CVNwvg7XwZVoXZHcSu9w9SReNP1EzzD5T8NWKIR38fIqEns9kDWKUQTXXAmlDrdPg=="],

    "exiftool-vendored": ["exiftool-vendored@29.1.0", "https://registry.npmmirror.com/exiftool-vendored/-/exiftool-vendored-29.1.0.tgz", { "dependencies": { "@photostructure/tz-lookup": "^11.1.0", "@types/luxon": "^3.4.2", "batch-cluster": "^13.0.0", "he": "^1.2.0", "luxon": "^3.5.0" }, "optionalDependencies": { "exiftool-vendored.exe": "13.17.0", "exiftool-vendored.pl": "13.17.0" } }, "sha512-wh5JXV6HGAkHJFj/MNnTokc6c7saZS+0/ixjO/q//YZVIlLHmdZW6zidFpj0acHP6cCkWzjCEpspLYkgOo2U7A=="],

    "exiftool-vendored.exe": ["exiftool-vendored.exe@13.17.0", "https://registry.npmmirror.com/exiftool-vendored.exe/-/exiftool-vendored.exe-13.17.0.tgz", { "os": "win32" }, "sha512-cXm3mTVgagHC0iDH6gsJ+l/V8JoQqO4ISt6t5xdLlqtA5kEBdDlp/Szle7LE4aPPTp7v38y14VCuAc5cgRduow=="],

    "exiftool-vendored.pl": ["exiftool-vendored.pl@13.17.0", "https://registry.npmmirror.com/exiftool-vendored.pl/-/exiftool-vendored.pl-13.17.0.tgz", { "os": "!win32" }, "sha512-HHR4vVghUAIYYYqQv5m3VfPXkM0e5/nqDKy9B0MtFNPUQT+ecWH5Ka/yKtroHCacqDpPLrBpSeHmY+IiH0CuKg=="],

    "flattie": ["flattie@1.1.1", "https://registry.npmmirror.com/flattie/-/flattie-1.1.1.tgz", {}, "sha512-9UbaD6XdAL97+k/n+N7JwX46K/M6Zc6KcFYskrYL8wbBV/Uyk0CTAMY0VT+qiK5PM7AIc9aTWYtq65U7T+aCNQ=="],

    "he": ["he@1.2.0", "https://registry.npmmirror.com/he/-/he-1.2.0.tgz", { "bin": { "he": "bin/he" } }, "sha512-F/1DnUGPopORZi0ni+CvrCgHQ5FyEAHRLSApuYWMmrbSwoN2Mn/7k+Gl38gJnR7yyDZk6WLXwiGod1JOWNDKGw=="],

    "is-arrayish": ["is-arrayish@0.3.2", "https://registry.npmmirror.com/is-arrayish/-/is-arrayish-0.3.2.tgz", {}, "sha512-eVRqCvVlZbuw3GrM63ovNSNAeA1K16kaR/LRY/92w0zxQ5/1YzwblUX652i4Xs9RwAGjW9d9y6X88t8OaAJfWQ=="],

    "js-stringify": ["js-stringify@1.0.2", "https://registry.npmmirror.com/js-stringify/-/js-stringify-1.0.2.tgz", {}, "sha512-rtS5ATOo2Q5k1G+DADISilDA6lv79zIiwFd6CcjuIxGKLFm5C+RLImRscVap9k55i+MOZwgliw+NejvkLuGD5g=="],

    "luxon": ["luxon@3.5.0", "https://registry.npmmirror.com/luxon/-/luxon-3.5.0.tgz", {}, "sha512-rh+Zjr6DNfUYR3bPwJEnuwDdqMbxZW7LOQfUN4B54+Cl+0o5zaU9RJ6bcidfDtC1cWCZXQ+nvX8bf6bAji37QQ=="],

    "minimasonry": ["minimasonry@1.3.2", "https://registry.npmmirror.com/minimasonry/-/minimasonry-1.3.2.tgz", {}, "sha512-ygvf5JIR4NT1LbM6o8z1oz1icTkta72gXKwidvSqIVxuzVd/P21UI0Wbq1J+MStAu50Vvr8qWYNSz1W4uycqMQ=="],

    "photoswipe": ["photoswipe@5.4.4", "https://registry.npmmirror.com/photoswipe/-/photoswipe-5.4.4.tgz", {}, "sha512-WNFHoKrkZNnvFFhbHL93WDkW3ifwVOXSW3w1UuZZelSmgXpIGiZSNlZJq37rR8YejqME2rHs9EhH9ZvlvFH2NA=="],

    "photoswipe-dynamic-caption-plugin": ["photoswipe-dynamic-caption-plugin@1.2.7", "https://registry.npmmirror.com/photoswipe-dynamic-caption-plugin/-/photoswipe-dynamic-caption-plugin-1.2.7.tgz", {}, "sha512-5XXdXLf2381nwe7KqQvcyStiUBi9TitYXppUQTrzPwYAi4lZsmWNnNKMclM7I4QGlX6fXo42v3bgb6rlK9pY1Q=="],

    "pluralize": ["pluralize@8.0.0", "https://registry.npmmirror.com/pluralize/-/pluralize-8.0.0.tgz", {}, "sha512-Nc3IT5yHzflTfbjgqWcCPpo7DaKy4FnpB0l/zCAW0Tc7jxAiuqSxHasntB3D7887LSrA93kDJ9IXovxJYxyLCA=="],

    "property-information": ["property-information@7.1.0", "https://registry.npmmirror.com/property-information/-/property-information-7.1.0.tgz", {}, "sha512-TwEZ+X+yCJmYfL7TPUOcvBZ4QfoT5YenQiJuX//0th53DE6w0xxLEtfK3iyryQFddXuvkIk51EEgrJQ0WJkOmQ=="],

    "semver": ["semver@7.7.1", "https://registry.npmmirror.com/semver/-/semver-7.7.1.tgz", { "bin": { "semver": "bin/semver.js" } }, "sha512-hlq8tAfn0m/61p4BVRcPzIGr6LKiMwo4VM6dGi6pt4qcRkmNzTcWq6eCEjEh+qXjkMDvPlOFFSGwQjoEa6gyMA=="],

    "sharp": ["sharp@0.33.5", "https://registry.npmmirror.com/sharp/-/sharp-0.33.5.tgz", { "dependencies": { "color": "^4.2.3", "detect-libc": "^2.0.3", "semver": "^7.6.3" }, "optionalDependencies": { "@img/sharp-darwin-arm64": "0.33.5", "@img/sharp-darwin-x64": "0.33.5", "@img/sharp-libvips-darwin-arm64": "1.0.4", "@img/sharp-libvips-darwin-x64": "1.0.4", "@img/sharp-libvips-linux-arm": "1.0.5", "@img/sharp-libvips-linux-arm64": "1.0.4", "@img/sharp-libvips-linux-s390x": "1.0.4", "@img/sharp-libvips-linux-x64": "1.0.4", "@img/sharp-libvips-linuxmusl-arm64": "1.0.4", "@img/sharp-libvips-linuxmusl-x64": "1.0.4", "@img/sharp-linux-arm": "0.33.5", "@img/sharp-linux-arm64": "0.33.5", "@img/sharp-linux-s390x": "0.33.5", "@img/sharp-linux-x64": "0.33.5", "@img/sharp-linuxmusl-arm64": "0.33.5", "@img/sharp-linuxmusl-x64": "0.33.5", "@img/sharp-wasm32": "0.33.5", "@img/sharp-win32-ia32": "0.33.5", "@img/sharp-win32-x64": "0.33.5" } }, "sha512-haPVm1EkS9pgvHrQ/F3Xy+hgcuMV0Wm9vfIBSiwZ05k+xgb0PkBQpGsAA/oWdDobNaZTH5ppvHtzCFbnSEwHVw=="],

    "simple-swizzle": ["simple-swizzle@0.2.2", "https://registry.npmmirror.com/simple-swizzle/-/simple-swizzle-0.2.2.tgz", { "dependencies": { "is-arrayish": "^0.3.1" } }, "sha512-JA//kQgZtbuY83m+xT+tXJkmJncGMTFT+C+g2h2R9uxkYIrE2yy9sgmcLhCnw57/WSD+Eh3J97FPEDFnbXnDUg=="],

    "slugify": ["slugify@1.6.6", "https://registry.npmmirror.com/slugify/-/slugify-1.6.6.tgz", {}, "sha512-h+z7HKHYXj6wJU+AnS/+IH8Uh9fdcX1Lrhg1/VMdf9PwoBQXFcXiAdsy2tSK0P6gKwJLXp02r90ahUCqHk9rrw=="],

    "stringify-attributes": ["stringify-attributes@4.0.0", "https://registry.npmmirror.com/stringify-attributes/-/stringify-attributes-4.0.0.tgz", { "dependencies": { "escape-goat": "^4.0.0" } }, "sha512-6Hq3K153wTTfhEHb4V/viuqmb0DRn08JCrRnmqc4Q/tmoNuvd4DEyqkiiJXtvVz8ZSUhlCQr7zCpCVTgrelesg=="],

    "tslib": ["tslib@2.8.1", "https://registry.npmmirror.com/tslib/-/tslib-2.8.1.tgz", {}, "sha512-oJFu94HQb+KVduSUQL7wnpmqnfmLsOA/nAh6b6EH0wCEoK0/mPeXU6c3wKDV83MkOuHPRHtSXKKU99IBazS/2w=="],

    "typescript": ["typescript@5.8.2", "https://registry.npmmirror.com/typescript/-/typescript-5.8.2.tgz", { "bin": { "tsc": "bin/tsc", "tsserver": "bin/tsserver" } }, "sha512-aJn6wq13/afZp/jT9QZmwEjDqqvSGp1VT5GVg+f/t6/oVyrgXM6BY1h9BRh/O5p3PlUPAe+WuiEZOmb/49RqoQ=="],

    "undici-types": ["undici-types@6.20.0", "https://registry.npmmirror.com/undici-types/-/undici-types-6.20.0.tgz", {}, "sha512-Ny6QZ2Nju20vw1SRHe3d9jVu6gJ+4e3+MMpqu7pqE5HT6WsTSlce++GQmK5UXS8mzV8DSYHrQH+Xrf2jVcuKNg=="],
  }
}
